{
  "name": "Tizenbrew Stuffs",
  "lockfileVersion": 3,
  "requires": true,
  "packages": {
    "": {
      "dependencies": {
        "tizenbrew-cineby-tv": "^1.0.2"
      }
    },
    "node_modules/tizenbrew-cineby-tv": {
      "version": "1.0.2",
      "resolved": "https://registry.npmjs.org/tizenbrew-cineby-tv/-/tizenbrew-cineby-tv-1.0.2.tgz",
      "integrity": "sha512-l8zY43l1/idLX61bgirEccyehGcJYss0ge25iHHupaVSJW3GZyjcj211okdk2eWhWQ5GbZqLplbyLXVpkvx0tg==",
      "license": "MIT",
      "engines": {
        "node": ">=0.10.0"
      }
    }
  }
}
